// !$*UTF8*$!
{
	archiveVersion = 1;
	classes = {
	};
	objectVersion = 55;
	objects = {

/* Begin PBXBuildFile section */
		060D9F68276B3F4C00E02979 /* AppDelegate.swift in Sources */ = {isa = PBXBuildFile; fileRef = 060D9F67276B3F4C00E02979 /* AppDelegate.swift */; };
		060D9F71276B3F4D00E02979 /* Assets.xcassets in Resources */ = {isa = PBXBuildFile; fileRef = 060D9F70276B3F4D00E02979 /* Assets.xcassets */; };
		060D9F74276B3F4D00E02979 /* LaunchScreen.storyboard in Resources */ = {isa = PBXBuildFile; fileRef = 060D9F72276B3F4D00E02979 /* LaunchScreen.storyboard */; };
		060D9F80276B401D00E02979 /* Coordinator.swift in Sources */ = {isa = PBXBuildFile; fileRef = 060D9F7F276B401D00E02979 /* Coordinator.swift */; };
		060D9F89276B41B600E02979 /* SplashViewController.swift in Sources */ = {isa = PBXBuildFile; fileRef = 060D9F87276B41B600E02979 /* SplashViewController.swift */; };
		060D9F8C276B428000E02979 /* AppCoordinator.swift in Sources */ = {isa = PBXBuildFile; fileRef = 060D9F8B276B428000E02979 /* AppCoordinator.swift */; };
		060D9F8E276B42A200E02979 /* SplashCoordinator.swift in Sources */ = {isa = PBXBuildFile; fileRef = 060D9F8D276B42A200E02979 /* SplashCoordinator.swift */; };
		060D9F91276B43B000E02979 /* HomeViewController.swift in Sources */ = {isa = PBXBuildFile; fileRef = 060D9F90276B43B000E02979 /* HomeViewController.swift */; };
		060D9F95276B48A400E02979 /* HomeCoordinator.swift in Sources */ = {isa = PBXBuildFile; fileRef = 060D9F94276B48A400E02979 /* HomeCoordinator.swift */; };
		06BDDD6D276B5CF900B68B25 /* Main.storyboard in Resources */ = {isa = PBXBuildFile; fileRef = 06BDDD6B276B5CF900B68B25 /* Main.storyboard */; };
		06BDDD72276B60B500B68B25 /* ImageDetailCoordinator.swift in Sources */ = {isa = PBXBuildFile; fileRef = 06BDDD71276B60B500B68B25 /* ImageDetailCoordinator.swift */; };
		06BDDD74276B60DB00B68B25 /* ImageDetailViewController.swift in Sources */ = {isa = PBXBuildFile; fileRef = 06BDDD73276B60DB00B68B25 /* ImageDetailViewController.swift */; };
/* End PBXBuildFile section */

/* Begin PBXFileReference section */
		060D9F64276B3F4C00E02979 /* YsGallery.app */ = {isa = PBXFileReference; explicitFileType = wrapper.application; includeInIndex = 0; path = YsGallery.app; sourceTree = BUILT_PRODUCTS_DIR; };
		060D9F67276B3F4C00E02979 /* AppDelegate.swift */ = {isa = PBXFileReference; lastKnownFileType = sourcecode.swift; path = AppDelegate.swift; sourceTree = "<group>"; };
		060D9F70276B3F4D00E02979 /* Assets.xcassets */ = {isa = PBXFileReference; lastKnownFileType = folder.assetcatalog; path = Assets.xcassets; sourceTree = "<group>"; };
		060D9F73276B3F4D00E02979 /* Base */ = {isa = PBXFileReference; lastKnownFileType = file.storyboard; name = Base; path = Base.lproj/LaunchScreen.storyboard; sourceTree = "<group>"; };
		060D9F75276B3F4D00E02979 /* Info.plist */ = {isa = PBXFileReference; lastKnownFileType = text.plist.xml; path = Info.plist; sourceTree = "<group>"; };
		060D9F7F276B401D00E02979 /* Coordinator.swift */ = {isa = PBXFileReference; lastKnownFileType = sourcecode.swift; path = Coordinator.swift; sourceTree = "<group>"; };
		060D9F87276B41B600E02979 /* SplashViewController.swift */ = {isa = PBXFileReference; lastKnownFileType = sourcecode.swift; path = SplashViewController.swift; sourceTree = "<group>"; };
		060D9F8B276B428000E02979 /* AppCoordinator.swift */ = {isa = PBXFileReference; lastKnownFileType = sourcecode.swift; path = AppCoordinator.swift; sourceTree = "<group>"; };
		060D9F8D276B42A200E02979 /* SplashCoordinator.swift */ = {isa = PBXFileReference; lastKnownFileType = sourcecode.swift; path = SplashCoordinator.swift; sourceTree = "<group>"; };
		060D9F90276B43B000E02979 /* HomeViewController.swift */ = {isa = PBXFileReference; lastKnownFileType = sourcecode.swift; path = HomeViewController.swift; sourceTree = "<group>"; };
		060D9F94276B48A400E02979 /* HomeCoordinator.swift */ = {isa = PBXFileReference; lastKnownFileType = sourcecode.swift; path = HomeCoordinator.swift; sourceTree = "<group>"; };
		06BDDD6C276B5CF900B68B25 /* Base */ = {isa = PBXFileReference; lastKnownFileType = file.storyboard; name = Base; path = YsGallery/Base.lproj/Main.storyboard; sourceTree = SOURCE_ROOT; };
		06BDDD71276B60B500B68B25 /* ImageDetailCoordinator.swift */ = {isa = PBXFileReference; lastKnownFileType = sourcecode.swift; path = ImageDetailCoordinator.swift; sourceTree = "<group>"; };
		06BDDD73276B60DB00B68B25 /* ImageDetailViewController.swift */ = {isa = PBXFileReference; lastKnownFileType = sourcecode.swift; path = ImageDetailViewController.swift; sourceTree = "<group>"; };
/* End PBXFileReference section */

/* Begin PBXFrameworksBuildPhase section */
		060D9F61276B3F4C00E02979 /* Frameworks */ = {
			isa = PBXFrameworksBuildPhase;
			buildActionMask = 2147483647;
			files = (
			);
			runOnlyForDeploymentPostprocessing = 0;
		};
/* End PBXFrameworksBuildPhase section */

/* Begin PBXGroup section */
		060D9F5B276B3F4C00E02979 = {
			isa = PBXGroup;
			children = (
				060D9F66276B3F4C00E02979 /* YsGallery */,
				060D9F65276B3F4C00E02979 /* Products */,
			);
			sourceTree = "<group>";
		};
		060D9F65276B3F4C00E02979 /* Products */ = {
			isa = PBXGroup;
			children = (
				060D9F64276B3F4C00E02979 /* YsGallery.app */,
			);
			name = Products;
			sourceTree = "<group>";
		};
		060D9F66276B3F4C00E02979 /* YsGallery */ = {
			isa = PBXGroup;
			children = (
				060D9F7D276B400200E02979 /* Common */,
				060D9F81276B403B00E02979 /* Views */,
				060D9F7C276B3FE900E02979 /* AppDelegate */,
				060D9F7B276B3FB000E02979 /* Resource */,
			);
			path = YsGallery;
			sourceTree = "<group>";
		};
		060D9F7B276B3FB000E02979 /* Resource */ = {
			isa = PBXGroup;
			children = (
				060D9F70276B3F4D00E02979 /* Assets.xcassets */,
				060D9F72276B3F4D00E02979 /* LaunchScreen.storyboard */,
				060D9F75276B3F4D00E02979 /* Info.plist */,
			);
			path = Resource;
			sourceTree = "<group>";
		};
		060D9F7C276B3FE900E02979 /* AppDelegate */ = {
			isa = PBXGroup;
			children = (
				060D9F67276B3F4C00E02979 /* AppDelegate.swift */,
				060D9F8B276B428000E02979 /* AppCoordinator.swift */,
			);
			path = AppDelegate;
			sourceTree = "<group>";
		};
		060D9F7D276B400200E02979 /* Common */ = {
			isa = PBXGroup;
			children = (
				060D9F7E276B400C00E02979 /* Coordinator */,
			);
			path = Common;
			sourceTree = "<group>";
		};
		060D9F7E276B400C00E02979 /* Coordinator */ = {
			isa = PBXGroup;
			children = (
				060D9F7F276B401D00E02979 /* Coordinator.swift */,
			);
			path = Coordinator;
			sourceTree = "<group>";
		};
		060D9F81276B403B00E02979 /* Views */ = {
			isa = PBXGroup;
			children = (
				06BDDD6E276B606D00B68B25 /* ImageDetail */,
				060D9F8F276B43A300E02979 /* Home */,
				060D9F82276B404500E02979 /* Splash */,
			);
			path = Views;
			sourceTree = "<group>";
		};
		060D9F82276B404500E02979 /* Splash */ = {
			isa = PBXGroup;
			children = (
				060D9F84276B405E00E02979 /* View */,
				060D9F83276B405800E02979 /* Coordinator */,
			);
			path = Splash;
			sourceTree = "<group>";
		};
		060D9F83276B405800E02979 /* Coordinator */ = {
			isa = PBXGroup;
			children = (
				060D9F8D276B42A200E02979 /* SplashCoordinator.swift */,
			);
			path = Coordinator;
			sourceTree = "<group>";
		};
		060D9F84276B405E00E02979 /* View */ = {
			isa = PBXGroup;
			children = (
				060D9F87276B41B600E02979 /* SplashViewController.swift */,
			);
			path = View;
			sourceTree = "<group>";
		};
		060D9F8F276B43A300E02979 /* Home */ = {
			isa = PBXGroup;
			children = (
				06BDDD6B276B5CF900B68B25 /* Main.storyboard */,
				060D9F93276B43B700E02979 /* Coordinator */,
				060D9F92276B43B300E02979 /* View */,
			);
			path = Home;
			sourceTree = "<group>";
		};
		060D9F92276B43B300E02979 /* View */ = {
			isa = PBXGroup;
			children = (
				060D9F90276B43B000E02979 /* HomeViewController.swift */,
			);
			path = View;
			sourceTree = "<group>";
		};
		060D9F93276B43B700E02979 /* Coordinator */ = {
			isa = PBXGroup;
			children = (
				060D9F94276B48A400E02979 /* HomeCoordinator.swift */,
			);
			path = Coordinator;
			sourceTree = "<group>";
		};
		06BDDD6E276B606D00B68B25 /* ImageDetail */ = {
			isa = PBXGroup;
			children = (
				06BDDD70276B609A00B68B25 /* View */,
				06BDDD6F276B609500B68B25 /* Coordinator */,
			);
			path = ImageDetail;
			sourceTree = "<group>";
		};
		06BDDD6F276B609500B68B25 /* Coordinator */ = {
			isa = PBXGroup;
			children = (
				06BDDD71276B60B500B68B25 /* ImageDetailCoordinator.swift */,
			);
			path = Coordinator;
			sourceTree = "<group>";
		};
		06BDDD70276B609A00B68B25 /* View */ = {
			isa = PBXGroup;
			children = (
				06BDDD73276B60DB00B68B25 /* ImageDetailViewController.swift */,
			);
			path = View;
			sourceTree = "<group>";
		};
/* End PBXGroup section */

/* Begin PBXNativeTarget section */
		060D9F63276B3F4C00E02979 /* YsGallery */ = {
			isa = PBXNativeTarget;
			buildConfigurationList = 060D9F78276B3F4D00E02979 /* Build configuration list for PBXNativeTarget "YsGallery" */;
			buildPhases = (
				060D9F60276B3F4C00E02979 /* Sources */,
				060D9F61276B3F4C00E02979 /* Frameworks */,
				060D9F62276B3F4C00E02979 /* Resources */,
			);
			buildRules = (
			);
			dependencies = (
			);
			name = YsGallery;
			productName = YsGallery;
			productReference = 060D9F64276B3F4C00E02979 /* YsGallery.app */;
			productType = "com.apple.product-type.application";
		};
/* End PBXNativeTarget section */

/* Begin PBXProject section */
		060D9F5C276B3F4C00E02979 /* Project object */ = {
			isa = PBXProject;
			attributes = {
				BuildIndependentTargetsInParallel = 1;
				LastSwiftUpdateCheck = 1320;
				LastUpgradeCheck = 1320;
				TargetAttributes = {
					060D9F63276B3F4C00E02979 = {
						CreatedOnToolsVersion = 13.2;
					};
				};
			};
			buildConfigurationList = 060D9F5F276B3F4C00E02979 /* Build configuration list for PBXProject "YsGallery" */;
			compatibilityVersion = "Xcode 13.0";
			developmentRegion = en;
			hasScannedForEncodings = 0;
			knownRegions = (
				en,
				Base,
			);
			mainGroup = 060D9F5B276B3F4C00E02979;
			productRefGroup = 060D9F65276B3F4C00E02979 /* Products */;
			projectDirPath = "";
			projectRoot = "";
			targets = (
				060D9F63276B3F4C00E02979 /* YsGallery */,
			);
		};
/* End PBXProject section */

/* Begin PBXResourcesBuildPhase section */
		060D9F62276B3F4C00E02979 /* Resources */ = {
			isa = PBXResourcesBuildPhase;
			buildActionMask = 2147483647;
			files = (
				060D9F74276B3F4D00E02979 /* LaunchScreen.storyboard in Resources */,
				060D9F71276B3F4D00E02979 /* Assets.xcassets in Resources */,
				06BDDD6D276B5CF900B68B25 /* Main.storyboard in Resources */,
			);
			runOnlyForDeploymentPostprocessing = 0;
		};
/* End PBXResourcesBuildPhase section */

/* Begin PBXSourcesBuildPhase section */
		060D9F60276B3F4C00E02979 /* Sources */ = {
			isa = PBXSourcesBuildPhase;
			buildActionMask = 2147483647;
			files = (
				060D9F8C276B428000E02979 /* AppCoordinator.swift in Sources */,
				06BDDD72276B60B500B68B25 /* ImageDetailCoordinator.swift in Sources */,
				060D9F68276B3F4C00E02979 /* AppDelegate.swift in Sources */,
				060D9F80276B401D00E02979 /* Coordinator.swift in Sources */,
				060D9F89276B41B600E02979 /* SplashViewController.swift in Sources */,
				060D9F8E276B42A200E02979 /* SplashCoordinator.swift in Sources */,
				060D9F95276B48A400E02979 /* HomeCoordinator.swift in Sources */,
				06BDDD74276B60DB00B68B25 /* ImageDetailViewController.swift in Sources */,
				060D9F91276B43B000E02979 /* HomeViewController.swift in Sources */,
			);
			runOnlyForDeploymentPostprocessing = 0;
		};
/* End PBXSourcesBuildPhase section */

/* Begin PBXVariantGroup section */
		060D9F72276B3F4D00E02979 /* LaunchScreen.storyboard */ = {
			isa = PBXVariantGroup;
			children = (
				060D9F73276B3F4D00E02979 /* Base */,
			);
			name = LaunchScreen.storyboard;
			sourceTree = "<group>";
		};
		06BDDD6B276B5CF900B68B25 /* Main.storyboard */ = {
			isa = PBXVariantGroup;
			children = (
				06BDDD6C276B5CF900B68B25 /* Base */,
			);
			name = Main.storyboard;
			sourceTree = "<group>";
		};
/* End PBXVariantGroup section */

/* Begin XCBuildConfiguration section */
		060D9F76276B3F4D00E02979 /* Debug */ = {
			isa = XCBuildConfiguration;
			buildSettings = {
				ALWAYS_SEARCH_USER_PATHS = NO;
				CLANG_ANALYZER_NONNULL = YES;
				CLANG_ANALYZER_NUMBER_OBJECT_CONVERSION = YES_AGGRESSIVE;
				CLANG_CXX_LANGUAGE_STANDARD = "gnu++17";
				CLANG_CXX_LIBRARY = "libc++";
				CLANG_ENABLE_MODULES = YES;
				CLANG_ENABLE_OBJC_ARC = YES;
				CLANG_ENABLE_OBJC_WEAK = YES;
				CLANG_WARN_BLOCK_CAPTURE_AUTORELEASING = YES;
				CLANG_WARN_BOOL_CONVERSION = YES;
				CLANG_WARN_COMMA = YES;
				CLANG_WARN_CONSTANT_CONVERSION = YES;
				CLANG_WARN_DEPRECATED_OBJC_IMPLEMENTATIONS = YES;
				CLANG_WARN_DIRECT_OBJC_ISA_USAGE = YES_ERROR;
				CLANG_WARN_DOCUMENTATION_COMMENTS = YES;
				CLANG_WARN_EMPTY_BODY = YES;
				CLANG_WARN_ENUM_CONVERSION = YES;
				CLANG_WARN_INFINITE_RECURSION = YES;
				CLANG_WARN_INT_CONVERSION = YES;
				CLANG_WARN_NON_LITERAL_NULL_CONVERSION = YES;
				CLANG_WARN_OBJC_IMPLICIT_RETAIN_SELF = YES;
				CLANG_WARN_OBJC_LITERAL_CONVERSION = YES;
				CLANG_WARN_OBJC_ROOT_CLASS = YES_ERROR;
				CLANG_WARN_QUOTED_INCLUDE_IN_FRAMEWORK_HEADER = YES;
				CLANG_WARN_RANGE_LOOP_ANALYSIS = YES;
				CLANG_WARN_STRICT_PROTOTYPES = YES;
				CLANG_WARN_SUSPICIOUS_MOVE = YES;
				CLANG_WARN_UNGUARDED_AVAILABILITY = YES_AGGRESSIVE;
				CLANG_WARN_UNREACHABLE_CODE = YES;
				CLANG_WARN__DUPLICATE_METHOD_MATCH = YES;
				COPY_PHASE_STRIP = NO;
				DEBUG_INFORMATION_FORMAT = dwarf;
				ENABLE_STRICT_OBJC_MSGSEND = YES;
				ENABLE_TESTABILITY = YES;
				GCC_C_LANGUAGE_STANDARD = gnu11;
				GCC_DYNAMIC_NO_PIC = NO;
				GCC_NO_COMMON_BLOCKS = YES;
				GCC_OPTIMIZATION_LEVEL = 0;
				GCC_PREPROCESSOR_DEFINITIONS = (
					"DEBUG=1",
					"$(inherited)",
				);
				GCC_WARN_64_TO_32_BIT_CONVERSION = YES;
				GCC_WARN_ABOUT_RETURN_TYPE = YES_ERROR;
				GCC_WARN_UNDECLARED_SELECTOR = YES;
				GCC_WARN_UNINITIALIZED_AUTOS = YES_AGGRESSIVE;
				GCC_WARN_UNUSED_FUNCTION = YES;
				GCC_WARN_UNUSED_VARIABLE = YES;
				IPHONEOS_DEPLOYMENT_TARGET = 13.0;
				MTL_ENABLE_DEBUG_INFO = INCLUDE_SOURCE;
				MTL_FAST_MATH = YES;
				ONLY_ACTIVE_ARCH = YES;
				SDKROOT = iphoneos;
				SWIFT_ACTIVE_COMPILATION_CONDITIONS = DEBUG;
				SWIFT_OPTIMIZATION_LEVEL = "-Onone";
			};
			name = Debug;
		};
		060D9F77276B3F4D00E02979 /* Release */ = {
			isa = XCBuildConfiguration;
			buildSettings = {
				ALWAYS_SEARCH_USER_PATHS = NO;
				CLANG_ANALYZER_NONNULL = YES;
				CLANG_ANALYZER_NUMBER_OBJECT_CONVERSION = YES_AGGRESSIVE;
				CLANG_CXX_LANGUAGE_STANDARD = "gnu++17";
				CLANG_CXX_LIBRARY = "libc++";
				CLANG_ENABLE_MODULES = YES;
				CLANG_ENABLE_OBJC_ARC = YES;
				CLANG_ENABLE_OBJC_WEAK = YES;
				CLANG_WARN_BLOCK_CAPTURE_AUTORELEASING = YES;
				CLANG_WARN_BOOL_CONVERSION = YES;
				CLANG_WARN_COMMA = YES;
				CLANG_WARN_CONSTANT_CONVERSION = YES;
				CLANG_WARN_DEPRECATED_OBJC_IMPLEMENTATIONS = YES;
				CLANG_WARN_DIRECT_OBJC_ISA_USAGE = YES_ERROR;
				CLANG_WARN_DOCUMENTATION_COMMENTS = YES;
				CLANG_WARN_EMPTY_BODY = YES;
				CLANG_WARN_ENUM_CONVERSION = YES;
				CLANG_WARN_INFINITE_RECURSION = YES;
				CLANG_WARN_INT_CONVERSION = YES;
				CLANG_WARN_NON_LITERAL_NULL_CONVERSION = YES;
				CLANG_WARN_OBJC_IMPLICIT_RETAIN_SELF = YES;
				CLANG_WARN_OBJC_LITERAL_CONVERSION = YES;
				CLANG_WARN_OBJC_ROOT_CLASS = YES_ERROR;
				CLANG_WARN_QUOTED_INCLUDE_IN_FRAMEWORK_HEADER = YES;
				CLANG_WARN_RANGE_LOOP_ANALYSIS = YES;
				CLANG_WARN_STRICT_PROTOTYPES = YES;
				CLANG_WARN_SUSPICIOUS_MOVE = YES;
				CLANG_WARN_UNGUARDED_AVAILABILITY = YES_AGGRESSIVE;
				CLANG_WARN_UNREACHABLE_CODE = YES;
				CLANG_WARN__DUPLICATE_METHOD_MATCH = YES;
				COPY_PHASE_STRIP = NO;
				DEBUG_INFORMATION_FORMAT = "dwarf-with-dsym";
				ENABLE_NS_ASSERTIONS = NO;
				ENABLE_STRICT_OBJC_MSGSEND = YES;
				GCC_C_LANGUAGE_STANDARD = gnu11;
				GCC_NO_COMMON_BLOCKS = YES;
				GCC_WARN_64_TO_32_BIT_CONVERSION = YES;
				GCC_WARN_ABOUT_RETURN_TYPE = YES_ERROR;
				GCC_WARN_UNDECLARED_SELECTOR = YES;
				GCC_WARN_UNINITIALIZED_AUTOS = YES_AGGRESSIVE;
				GCC_WARN_UNUSED_FUNCTION = YES;
				GCC_WARN_UNUSED_VARIABLE = YES;
				IPHONEOS_DEPLOYMENT_TARGET = 13.0;
				MTL_ENABLE_DEBUG_INFO = NO;
				MTL_FAST_MATH = YES;
				SDKROOT = iphoneos;
				SWIFT_COMPILATION_MODE = wholemodule;
				SWIFT_OPTIMIZATION_LEVEL = "-O";
				VALIDATE_PRODUCT = YES;
			};
			name = Release;
		};
		060D9F79276B3F4D00E02979 /* Debug */ = {
			isa = XCBuildConfiguration;
			buildSettings = {
				ASSETCATALOG_COMPILER_APPICON_NAME = AppIcon;
				ASSETCATALOG_COMPILER_GLOBAL_ACCENT_COLOR_NAME = AccentColor;
				CODE_SIGN_STYLE = Automatic;
				CURRENT_PROJECT_VERSION = 1;
				DEVELOPMENT_TEAM = 9P6WAX9VN5;
				GENERATE_INFOPLIST_FILE = YES;
				INFOPLIST_FILE = YsGallery/Info.plist;
				INFOPLIST_KEY_CFBundleDisplayName = YsGallery;
				INFOPLIST_KEY_UIApplicationSupportsIndirectInputEvents = YES;
				INFOPLIST_KEY_UILaunchStoryboardName = LaunchScreen;
				INFOPLIST_KEY_UIMainStoryboardFile = Main;
				INFOPLIST_KEY_UIRequiredDeviceCapabilities = armv7;
				INFOPLIST_KEY_UISupportedInterfaceOrientations = UIInterfaceOrientationPortrait;
				INFOPLIST_KEY_UISupportedInterfaceOrientations_iPad = "UIInterfaceOrientationPortrait UIInterfaceOrientationPortraitUpsideDown UIInterfaceOrientationLandscapeLeft UIInterfaceOrientationLandscapeRight";
				INFOPLIST_KEY_UISupportedInterfaceOrientations_iPhone = "UIInterfaceOrientationPortrait UIInterfaceOrientationLandscapeLeft UIInterfaceOrientationLandscapeRight";
				LD_RUNPATH_SEARCH_PATHS = (
					"$(inherited)",
					"@executable_path/Frameworks",
				);
				MARKETING_VERSION = 1.0;
				PRODUCT_BUNDLE_IDENTIFIER = kr.co.YsGallery;
				PRODUCT_NAME = "$(TARGET_NAME)";
				SWIFT_EMIT_LOC_STRINGS = YES;
				SWIFT_VERSION = 5.0;
				TARGETED_DEVICE_FAMILY = 1;
			};
			name = Debug;
		};
		060D9F7A276B3F4D00E02979 /* Release */ = {
			isa = XCBuildConfiguration;
			buildSettings = {
				ASSETCATALOG_COMPILER_APPICON_NAME = AppIcon;
				ASSETCATALOG_COMPILER_GLOBAL_ACCENT_COLOR_NAME = AccentColor;
				CODE_SIGN_STYLE = Automatic;
				CURRENT_PROJECT_VERSION = 1;
				DEVELOPMENT_TEAM = 9P6WAX9VN5;
				GENERATE_INFOPLIST_FILE = YES;
				INFOPLIST_FILE = YsGallery/Info.plist;
				INFOPLIST_KEY_CFBundleDisplayName = YsGallery;
				INFOPLIST_KEY_UIApplicationSupportsIndirectInputEvents = YES;
				INFOPLIST_KEY_UILaunchStoryboardName = LaunchScreen;
				INFOPLIST_KEY_UIMainStoryboardFile = Main;
				INFOPLIST_KEY_UIRequiredDeviceCapabilities = armv7;
				INFOPLIST_KEY_UISupportedInterfaceOrientations = UIInterfaceOrientationPortrait;
				INFOPLIST_KEY_UISupportedInterfaceOrientations_iPad = "UIInterfaceOrientationPortrait UIInterfaceOrientationPortraitUpsideDown UIInterfaceOrientationLandscapeLeft UIInterfaceOrientationLandscapeRight";
				INFOPLIST_KEY_UISupportedInterfaceOrientations_iPhone = "UIInterfaceOrientationPortrait UIInterfaceOrientationLandscapeLeft UIInterfaceOrientationLandscapeRight";
				LD_RUNPATH_SEARCH_PATHS = (
					"$(inherited)",
					"@executable_path/Frameworks",
				);
				MARKETING_VERSION = 1.0;
				PRODUCT_BUNDLE_IDENTIFIER = kr.co.YsGallery;
				PRODUCT_NAME = "$(TARGET_NAME)";
				SWIFT_EMIT_LOC_STRINGS = YES;
				SWIFT_VERSION = 5.0;
				TARGETED_DEVICE_FAMILY = 1;
			};
			name = Release;
		};
/* End XCBuildConfiguration section */

/* Begin XCConfigurationList section */
		060D9F5F276B3F4C00E02979 /* Build configuration list for PBXProject "YsGallery" */ = {
			isa = XCConfigurationList;
			buildConfigurations = (
				060D9F76276B3F4D00E02979 /* Debug */,
				060D9F77276B3F4D00E02979 /* Release */,
			);
			defaultConfigurationIsVisible = 0;
			defaultConfigurationName = Release;
		};
		060D9F78276B3F4D00E02979 /* Build configuration list for PBXNativeTarget "YsGallery" */ = {
			isa = XCConfigurationList;
			buildConfigurations = (
				060D9F79276B3F4D00E02979 /* Debug */,
				060D9F7A276B3F4D00E02979 /* Release */,
			);
			defaultConfigurationIsVisible = 0;
			defaultConfigurationName = Release;
		};
/* End XCConfigurationList section */
	};
	rootObject = 060D9F5C276B3F4C00E02979 /* Project object */;
}
